
Microsoft Visual Studio Solution File, Format Version 12.00
# Visual Studio Version 16
VisualStudioVersion = 16.0.30621.155
MinimumVisualStudioVersion = 10.0.40219.1
Project("{FAE04EC0-301F-11D3-BF4B-00C04F79EFBC}") = "01.DisneylandJourney", "01.DisneylandJourney\01.DisneylandJourney.csproj", "{16F72C6F-6CF0-4173-B330-BBD0EF456016}"
EndProject
Project("{FAE04EC0-301F-11D3-BF4B-00C04F79EFBC}") = "02.ArcheryTournament", "02.ArcheryTournament\02.ArcheryTournament.csproj", "{50361C83-99D7-4675-938D-980C797167BE}"
EndProject
Global
	GlobalSection(SolutionConfigurationPlatforms) = preSolution
		Debug|Any CPU = Debug|Any CPU
		Release|Any CPU = Release|Any CPU
	EndGlobalSection
	GlobalSection(ProjectConfigurationPlatforms) = postSolution
		{16F72C6F-6CF0-4173-B330-BBD0EF456016}.Debug|Any CPU.ActiveCfg = Debug|Any CPU
		{16F72C6F-6CF0-4173-B330-BBD0EF456016}.Debug|Any CPU.Build.0 = Debug|Any CPU
		{16F72C6F-6CF0-4173-B330-BBD0EF456016}.Release|Any CPU.ActiveCfg = Release|Any CPU
		{16F72C6F-6CF0-4173-B330-BBD0EF456016}.Release|Any CPU.Build.0 = Release|Any CPU
		{50361C83-99D7-4675-938D-980C797167BE}.Debug|Any CPU.ActiveCfg = Debug|Any CPU
		{50361C83-99D7-4675-938D-980C797167BE}.Debug|Any CPU.Build.0 = Debug|Any CPU
		{50361C83-99D7-4675-938D-980C797167BE}.Release|Any CPU.ActiveCfg = Release|Any CPU
		{50361C83-99D7-4675-938D-980C797167BE}.Release|Any CPU.Build.0 = Release|Any CPU
	EndGlobalSection
	GlobalSection(SolutionProperties) = preSolution
		HideSolutionNode = FALSE
	EndGlobalSection
	GlobalSection(ExtensibilityGlobals) = postSolution
		SolutionGuid = {5A0AF68E-DDA6-451F-8BDA-7BC0B85B73BA}
	EndGlobalSection
EndGlobal
