
Microsoft Visual Studio Solution File, Format Version 12.00
# Visual Studio Version 16
VisualStudioVersion = 16.0.31005.135
MinimumVisualStudioVersion = 10.0.40219.1
Project("{FAE04EC0-301F-11D3-BF4B-00C04F79EFBC}") = "P01_Cooking", "P01_Cooking\P01_Cooking.csproj", "{42FDB6D2-D11D-4A62-B8E9-C3825D6D440E}"
EndProject
Project("{FAE04EC0-301F-11D3-BF4B-00C04F79EFBC}") = "P02_Selling", "P02_Selling\P02_Selling.csproj", "{407A6DA3-B759-42FC-8314-A7A095AAA235}"
EndProject
Project("{FAE04EC0-301F-11D3-BF4B-00C04F79EFBC}") = "BakeryOpenning", "BakeryOpenning\BakeryOpenning.csproj", "{BB8796C3-4DA8-4035-855D-F9A1D8B40445}"
EndProject
Global
	GlobalSection(SolutionConfigurationPlatforms) = preSolution
		Debug|Any CPU = Debug|Any CPU
		Release|Any CPU = Release|Any CPU
	EndGlobalSection
	GlobalSection(ProjectConfigurationPlatforms) = postSolution
		{42FDB6D2-D11D-4A62-B8E9-C3825D6D440E}.Debug|Any CPU.ActiveCfg = Debug|Any CPU
		{42FDB6D2-D11D-4A62-B8E9-C3825D6D440E}.Debug|Any CPU.Build.0 = Debug|Any CPU
		{42FDB6D2-D11D-4A62-B8E9-C3825D6D440E}.Release|Any CPU.ActiveCfg = Release|Any CPU
		{42FDB6D2-D11D-4A62-B8E9-C3825D6D440E}.Release|Any CPU.Build.0 = Release|Any CPU
		{407A6DA3-B759-42FC-8314-A7A095AAA235}.Debug|Any CPU.ActiveCfg = Debug|Any CPU
		{407A6DA3-B759-42FC-8314-A7A095AAA235}.Debug|Any CPU.Build.0 = Debug|Any CPU
		{407A6DA3-B759-42FC-8314-A7A095AAA235}.Release|Any CPU.ActiveCfg = Release|Any CPU
		{407A6DA3-B759-42FC-8314-A7A095AAA235}.Release|Any CPU.Build.0 = Release|Any CPU
		{BB8796C3-4DA8-4035-855D-F9A1D8B40445}.Debug|Any CPU.ActiveCfg = Debug|Any CPU
		{BB8796C3-4DA8-4035-855D-F9A1D8B40445}.Debug|Any CPU.Build.0 = Debug|Any CPU
		{BB8796C3-4DA8-4035-855D-F9A1D8B40445}.Release|Any CPU.ActiveCfg = Release|Any CPU
		{BB8796C3-4DA8-4035-855D-F9A1D8B40445}.Release|Any CPU.Build.0 = Release|Any CPU
	EndGlobalSection
	GlobalSection(SolutionProperties) = preSolution
		HideSolutionNode = FALSE
	EndGlobalSection
	GlobalSection(ExtensibilityGlobals) = postSolution
		SolutionGuid = {67DF7CEF-4E71-4C60-874F-6BC7A1887F3D}
	EndGlobalSection
EndGlobal
