
Microsoft Visual Studio Solution File, Format Version 12.00
# Visual Studio Version 16
VisualStudioVersion = 16.0.30804.86
MinimumVisualStudioVersion = 10.0.40219.1
Project("{9A19103F-16F7-4668-BE54-9A1E7A4F7556}") = "01.ActivationKeys", "01.ActivationKeys\01.ActivationKeys.csproj", "{2F457662-C5FA-4192-AF35-6260FE2B036E}"
EndProject
Project("{9A19103F-16F7-4668-BE54-9A1E7A4F7556}") = "02.EmojiDetector", "02.EmojiDetector\02.EmojiDetector.csproj", "{C058C7CB-FA00-498A-A07A-7CC687E3853A}"
EndProject
Project("{FAE04EC0-301F-11D3-BF4B-00C04F79EFBC}") = "03.P!rates", "03.P!rates\03.P!rates.csproj", "{CEB7AF52-C4E5-49CC-8B24-1248352421A1}"
EndProject
Global
	GlobalSection(SolutionConfigurationPlatforms) = preSolution
		Debug|Any CPU = Debug|Any CPU
		Release|Any CPU = Release|Any CPU
	EndGlobalSection
	GlobalSection(ProjectConfigurationPlatforms) = postSolution
		{2F457662-C5FA-4192-AF35-6260FE2B036E}.Debug|Any CPU.ActiveCfg = Debug|Any CPU
		{2F457662-C5FA-4192-AF35-6260FE2B036E}.Debug|Any CPU.Build.0 = Debug|Any CPU
		{2F457662-C5FA-4192-AF35-6260FE2B036E}.Release|Any CPU.ActiveCfg = Release|Any CPU
		{2F457662-C5FA-4192-AF35-6260FE2B036E}.Release|Any CPU.Build.0 = Release|Any CPU
		{C058C7CB-FA00-498A-A07A-7CC687E3853A}.Debug|Any CPU.ActiveCfg = Debug|Any CPU
		{C058C7CB-FA00-498A-A07A-7CC687E3853A}.Debug|Any CPU.Build.0 = Debug|Any CPU
		{C058C7CB-FA00-498A-A07A-7CC687E3853A}.Release|Any CPU.ActiveCfg = Release|Any CPU
		{C058C7CB-FA00-498A-A07A-7CC687E3853A}.Release|Any CPU.Build.0 = Release|Any CPU
		{CEB7AF52-C4E5-49CC-8B24-1248352421A1}.Debug|Any CPU.ActiveCfg = Debug|Any CPU
		{CEB7AF52-C4E5-49CC-8B24-1248352421A1}.Debug|Any CPU.Build.0 = Debug|Any CPU
		{CEB7AF52-C4E5-49CC-8B24-1248352421A1}.Release|Any CPU.ActiveCfg = Release|Any CPU
		{CEB7AF52-C4E5-49CC-8B24-1248352421A1}.Release|Any CPU.Build.0 = Release|Any CPU
	EndGlobalSection
	GlobalSection(SolutionProperties) = preSolution
		HideSolutionNode = FALSE
	EndGlobalSection
	GlobalSection(ExtensibilityGlobals) = postSolution
		SolutionGuid = {7ED26CC3-F687-4521-AE1A-DB5B89E0728D}
	EndGlobalSection
EndGlobal
