
Microsoft Visual Studio Solution File, Format Version 12.00
# Visual Studio Version 16
VisualStudioVersion = 16.0.30225.117
MinimumVisualStudioVersion = 10.0.40219.1
Project("{9A19103F-16F7-4668-BE54-9A1E7A4F7556}") = "01. Hello SoftUni", "Hello SoftUni\01. Hello SoftUni.csproj", "{0F55016B-4C18-4000-96D6-A8A06D965175}"
EndProject
Project("{9A19103F-16F7-4668-BE54-9A1E7A4F7556}") = "02. Nums 1 to 10", "Nums1To10\02. Nums 1 to 10.csproj", "{919805A9-1ECB-4E74-B110-ADDC081D3E3C}"
EndProject
Project("{9A19103F-16F7-4668-BE54-9A1E7A4F7556}") = "03. Square Area", "03. Square Area\03. Square Area.csproj", "{9D3063D1-FC6B-40D6-941C-EF8592382D3F}"
EndProject
Project("{9A19103F-16F7-4668-BE54-9A1E7A4F7556}") = "04. Inches to Centimeters", "04. Inches to Centimeters\04. Inches to Centimeters.csproj", "{D5773B5D-B307-46BC-AB96-B8548EA42818}"
EndProject
Project("{9A19103F-16F7-4668-BE54-9A1E7A4F7556}") = "05. Greeting by Name", "05. Greeting by Name\05. Greeting by Name.csproj", "{B5ABD62F-8765-41D1-90C0-6E617C6D7052}"
EndProject
Project("{9A19103F-16F7-4668-BE54-9A1E7A4F7556}") = "06. Concatenate Data", "06. Concatenate Data\06. Concatenate Data.csproj", "{CFFD6314-28A2-4015-BD7C-8A9AD231CB37}"
EndProject
Project("{9A19103F-16F7-4668-BE54-9A1E7A4F7556}") = "07. Projects Creation", "07. Projects Creation\07. Projects Creation.csproj", "{9B9107C3-8A16-42B2-B337-A9708863723A}"
EndProject
Project("{9A19103F-16F7-4668-BE54-9A1E7A4F7556}") = "08. Pet Shop", "08. Pet Shop\08. Pet Shop.csproj", "{1DA66884-4C98-4BB5-B3D4-63BEACDBDF41}"
EndProject
Project("{9A19103F-16F7-4668-BE54-9A1E7A4F7556}") = "09. Yard Greening", "09. Yard Greening\09. Yard Greening.csproj", "{EA9C9C3E-F867-491C-ABD6-05DB179543F2}"
EndProject
Global
	GlobalSection(SolutionConfigurationPlatforms) = preSolution
		Debug|Any CPU = Debug|Any CPU
		Release|Any CPU = Release|Any CPU
	EndGlobalSection
	GlobalSection(ProjectConfigurationPlatforms) = postSolution
		{0F55016B-4C18-4000-96D6-A8A06D965175}.Debug|Any CPU.ActiveCfg = Debug|Any CPU
		{0F55016B-4C18-4000-96D6-A8A06D965175}.Debug|Any CPU.Build.0 = Debug|Any CPU
		{0F55016B-4C18-4000-96D6-A8A06D965175}.Release|Any CPU.ActiveCfg = Release|Any CPU
		{0F55016B-4C18-4000-96D6-A8A06D965175}.Release|Any CPU.Build.0 = Release|Any CPU
		{919805A9-1ECB-4E74-B110-ADDC081D3E3C}.Debug|Any CPU.ActiveCfg = Debug|Any CPU
		{919805A9-1ECB-4E74-B110-ADDC081D3E3C}.Debug|Any CPU.Build.0 = Debug|Any CPU
		{919805A9-1ECB-4E74-B110-ADDC081D3E3C}.Release|Any CPU.ActiveCfg = Release|Any CPU
		{919805A9-1ECB-4E74-B110-ADDC081D3E3C}.Release|Any CPU.Build.0 = Release|Any CPU
		{9D3063D1-FC6B-40D6-941C-EF8592382D3F}.Debug|Any CPU.ActiveCfg = Debug|Any CPU
		{9D3063D1-FC6B-40D6-941C-EF8592382D3F}.Debug|Any CPU.Build.0 = Debug|Any CPU
		{9D3063D1-FC6B-40D6-941C-EF8592382D3F}.Release|Any CPU.ActiveCfg = Release|Any CPU
		{9D3063D1-FC6B-40D6-941C-EF8592382D3F}.Release|Any CPU.Build.0 = Release|Any CPU
		{D5773B5D-B307-46BC-AB96-B8548EA42818}.Debug|Any CPU.ActiveCfg = Debug|Any CPU
		{D5773B5D-B307-46BC-AB96-B8548EA42818}.Debug|Any CPU.Build.0 = Debug|Any CPU
		{D5773B5D-B307-46BC-AB96-B8548EA42818}.Release|Any CPU.ActiveCfg = Release|Any CPU
		{D5773B5D-B307-46BC-AB96-B8548EA42818}.Release|Any CPU.Build.0 = Release|Any CPU
		{B5ABD62F-8765-41D1-90C0-6E617C6D7052}.Debug|Any CPU.ActiveCfg = Debug|Any CPU
		{B5ABD62F-8765-41D1-90C0-6E617C6D7052}.Debug|Any CPU.Build.0 = Debug|Any CPU
		{B5ABD62F-8765-41D1-90C0-6E617C6D7052}.Release|Any CPU.ActiveCfg = Release|Any CPU
		{B5ABD62F-8765-41D1-90C0-6E617C6D7052}.Release|Any CPU.Build.0 = Release|Any CPU
		{CFFD6314-28A2-4015-BD7C-8A9AD231CB37}.Debug|Any CPU.ActiveCfg = Debug|Any CPU
		{CFFD6314-28A2-4015-BD7C-8A9AD231CB37}.Debug|Any CPU.Build.0 = Debug|Any CPU
		{CFFD6314-28A2-4015-BD7C-8A9AD231CB37}.Release|Any CPU.ActiveCfg = Release|Any CPU
		{CFFD6314-28A2-4015-BD7C-8A9AD231CB37}.Release|Any CPU.Build.0 = Release|Any CPU
		{9B9107C3-8A16-42B2-B337-A9708863723A}.Debug|Any CPU.ActiveCfg = Debug|Any CPU
		{9B9107C3-8A16-42B2-B337-A9708863723A}.Debug|Any CPU.Build.0 = Debug|Any CPU
		{9B9107C3-8A16-42B2-B337-A9708863723A}.Release|Any CPU.ActiveCfg = Release|Any CPU
		{9B9107C3-8A16-42B2-B337-A9708863723A}.Release|Any CPU.Build.0 = Release|Any CPU
		{1DA66884-4C98-4BB5-B3D4-63BEACDBDF41}.Debug|Any CPU.ActiveCfg = Debug|Any CPU
		{1DA66884-4C98-4BB5-B3D4-63BEACDBDF41}.Debug|Any CPU.Build.0 = Debug|Any CPU
		{1DA66884-4C98-4BB5-B3D4-63BEACDBDF41}.Release|Any CPU.ActiveCfg = Release|Any CPU
		{1DA66884-4C98-4BB5-B3D4-63BEACDBDF41}.Release|Any CPU.Build.0 = Release|Any CPU
		{EA9C9C3E-F867-491C-ABD6-05DB179543F2}.Debug|Any CPU.ActiveCfg = Debug|Any CPU
		{EA9C9C3E-F867-491C-ABD6-05DB179543F2}.Debug|Any CPU.Build.0 = Debug|Any CPU
		{EA9C9C3E-F867-491C-ABD6-05DB179543F2}.Release|Any CPU.ActiveCfg = Release|Any CPU
		{EA9C9C3E-F867-491C-ABD6-05DB179543F2}.Release|Any CPU.Build.0 = Release|Any CPU
	EndGlobalSection
	GlobalSection(SolutionProperties) = preSolution
		HideSolutionNode = FALSE
	EndGlobalSection
	GlobalSection(ExtensibilityGlobals) = postSolution
		SolutionGuid = {7DCF54D5-28EF-49AC-B46B-82D55DE03C1F}
	EndGlobalSection
EndGlobal
