
Microsoft Visual Studio Solution File, Format Version 12.00
# Visual Studio Version 16
VisualStudioVersion = 16.0.30621.155
MinimumVisualStudioVersion = 10.0.40219.1
Project("{9A19103F-16F7-4668-BE54-9A1E7A4F7556}") = "01.CookingMasterclass", "01.CookingMasterclass\01.CookingMasterclass.csproj", "{C7A88ED1-A1F1-4924-A3A7-29E0D895F4A7}"
EndProject
Project("{9A19103F-16F7-4668-BE54-9A1E7A4F7556}") = "02.Loot", "02.Loot\02.Loot.csproj", "{B1583FB3-2D3E-4838-94D9-86AA02A45489}"
EndProject
Project("{9A19103F-16F7-4668-BE54-9A1E7A4F7556}") = "03.MagicCards", "03.MagicCards\03.MagicCards.csproj", "{C5FFEFA2-B571-45C7-8511-988256A0D321}"
EndProject
Global
	GlobalSection(SolutionConfigurationPlatforms) = preSolution
		Debug|Any CPU = Debug|Any CPU
		Release|Any CPU = Release|Any CPU
	EndGlobalSection
	GlobalSection(ProjectConfigurationPlatforms) = postSolution
		{C7A88ED1-A1F1-4924-A3A7-29E0D895F4A7}.Debug|Any CPU.ActiveCfg = Debug|Any CPU
		{C7A88ED1-A1F1-4924-A3A7-29E0D895F4A7}.Debug|Any CPU.Build.0 = Debug|Any CPU
		{C7A88ED1-A1F1-4924-A3A7-29E0D895F4A7}.Release|Any CPU.ActiveCfg = Release|Any CPU
		{C7A88ED1-A1F1-4924-A3A7-29E0D895F4A7}.Release|Any CPU.Build.0 = Release|Any CPU
		{B1583FB3-2D3E-4838-94D9-86AA02A45489}.Debug|Any CPU.ActiveCfg = Debug|Any CPU
		{B1583FB3-2D3E-4838-94D9-86AA02A45489}.Debug|Any CPU.Build.0 = Debug|Any CPU
		{B1583FB3-2D3E-4838-94D9-86AA02A45489}.Release|Any CPU.ActiveCfg = Release|Any CPU
		{B1583FB3-2D3E-4838-94D9-86AA02A45489}.Release|Any CPU.Build.0 = Release|Any CPU
		{C5FFEFA2-B571-45C7-8511-988256A0D321}.Debug|Any CPU.ActiveCfg = Debug|Any CPU
		{C5FFEFA2-B571-45C7-8511-988256A0D321}.Debug|Any CPU.Build.0 = Debug|Any CPU
		{C5FFEFA2-B571-45C7-8511-988256A0D321}.Release|Any CPU.ActiveCfg = Release|Any CPU
		{C5FFEFA2-B571-45C7-8511-988256A0D321}.Release|Any CPU.Build.0 = Release|Any CPU
	EndGlobalSection
	GlobalSection(SolutionProperties) = preSolution
		HideSolutionNode = FALSE
	EndGlobalSection
	GlobalSection(ExtensibilityGlobals) = postSolution
		SolutionGuid = {99758E58-8415-43C4-9C54-D8EB8C9DAA21}
	EndGlobalSection
EndGlobal
