
Microsoft Visual Studio Solution File, Format Version 12.00
# Visual Studio Version 16
VisualStudioVersion = 16.0.30804.86
MinimumVisualStudioVersion = 10.0.40219.1
Project("{FAE04EC0-301F-11D3-BF4B-00C04F79EFBC}") = "01.Problem", "01.Problem\01.Problem.csproj", "{24CD43BE-D8BD-4FED-BE0E-73387EADF90F}"
EndProject
Project("{FAE04EC0-301F-11D3-BF4B-00C04F79EFBC}") = "02.Problem", "02.Problem\02.Problem.csproj", "{C545A13C-195D-4791-AAA0-B6926A6C0C7A}"
EndProject
Project("{FAE04EC0-301F-11D3-BF4B-00C04F79EFBC}") = "03.Problem", "03.Problem\03.Problem.csproj", "{C46D5A1B-2EDE-4097-B199-733E8C6E4D69}"
EndProject
Global
	GlobalSection(SolutionConfigurationPlatforms) = preSolution
		Debug|Any CPU = Debug|Any CPU
		Release|Any CPU = Release|Any CPU
	EndGlobalSection
	GlobalSection(ProjectConfigurationPlatforms) = postSolution
		{24CD43BE-D8BD-4FED-BE0E-73387EADF90F}.Debug|Any CPU.ActiveCfg = Debug|Any CPU
		{24CD43BE-D8BD-4FED-BE0E-73387EADF90F}.Debug|Any CPU.Build.0 = Debug|Any CPU
		{24CD43BE-D8BD-4FED-BE0E-73387EADF90F}.Release|Any CPU.ActiveCfg = Release|Any CPU
		{24CD43BE-D8BD-4FED-BE0E-73387EADF90F}.Release|Any CPU.Build.0 = Release|Any CPU
		{C545A13C-195D-4791-AAA0-B6926A6C0C7A}.Debug|Any CPU.ActiveCfg = Debug|Any CPU
		{C545A13C-195D-4791-AAA0-B6926A6C0C7A}.Debug|Any CPU.Build.0 = Debug|Any CPU
		{C545A13C-195D-4791-AAA0-B6926A6C0C7A}.Release|Any CPU.ActiveCfg = Release|Any CPU
		{C545A13C-195D-4791-AAA0-B6926A6C0C7A}.Release|Any CPU.Build.0 = Release|Any CPU
		{C46D5A1B-2EDE-4097-B199-733E8C6E4D69}.Debug|Any CPU.ActiveCfg = Debug|Any CPU
		{C46D5A1B-2EDE-4097-B199-733E8C6E4D69}.Debug|Any CPU.Build.0 = Debug|Any CPU
		{C46D5A1B-2EDE-4097-B199-733E8C6E4D69}.Release|Any CPU.ActiveCfg = Release|Any CPU
		{C46D5A1B-2EDE-4097-B199-733E8C6E4D69}.Release|Any CPU.Build.0 = Release|Any CPU
	EndGlobalSection
	GlobalSection(SolutionProperties) = preSolution
		HideSolutionNode = FALSE
	EndGlobalSection
	GlobalSection(ExtensibilityGlobals) = postSolution
		SolutionGuid = {147ED67B-438B-4122-B7C8-1659DC08CCA4}
	EndGlobalSection
EndGlobal
