
Microsoft Visual Studio Solution File, Format Version 12.00
# Visual Studio Version 16
VisualStudioVersion = 16.0.30330.147
MinimumVisualStudioVersion = 10.0.40219.1
Project("{9A19103F-16F7-4668-BE54-9A1E7A4F7556}") = "01. USD to BGN", "02. First Steps in Programming\01. USD to BGN.csproj", "{9BF01F3C-2FA4-4250-A777-D3C4B5B0EFB8}"
EndProject
Project("{FAE04EC0-301F-11D3-BF4B-00C04F79EFBC}") = "02. Radians to Degrees", "02. Radians to Degrees\02. Radians to Degrees.csproj", "{A5F06432-4B39-4B94-9E34-C69A96DCA25E}"
EndProject
Project("{FAE04EC0-301F-11D3-BF4B-00C04F79EFBC}") = "03. Deposit Calculator", "03. Deposit Calculator\03. Deposit Calculator.csproj", "{C3D6D0F4-FA0C-45B1-BE84-9745C63F9B3D}"
EndProject
Project("{FAE04EC0-301F-11D3-BF4B-00C04F79EFBC}") = "04. Vacation books list", "04. Vacation books list\04. Vacation books list.csproj", "{3430BAFC-4EF4-476B-9389-AEF5FB3BF3B1}"
EndProject
Project("{FAE04EC0-301F-11D3-BF4B-00C04F79EFBC}") = "05. Birthday party", "05. Birthday party\05. Birthday party.csproj", "{83AA0243-7178-4271-88F1-1ABD6AB0D6AE}"
EndProject
Project("{FAE04EC0-301F-11D3-BF4B-00C04F79EFBC}") = "06. Charity Campaign", "06. Charity Campaign\06. Charity Campaign.csproj", "{B982F884-27F2-47D3-A781-8AF17924D1C8}"
EndProject
Project("{FAE04EC0-301F-11D3-BF4B-00C04F79EFBC}") = "07. Fruit Market", "07. Fruit Market\07. Fruit Market.csproj", "{45676ECB-E18E-4F45-9753-337C59D301AC}"
EndProject
Project("{FAE04EC0-301F-11D3-BF4B-00C04F79EFBC}") = "08. Fish Tank", "08. Fish Tank\08. Fish Tank.csproj", "{BE80C6FE-DEAD-42F2-9F49-7D94790D5658}"
EndProject
Global
	GlobalSection(SolutionConfigurationPlatforms) = preSolution
		Debug|Any CPU = Debug|Any CPU
		Release|Any CPU = Release|Any CPU
	EndGlobalSection
	GlobalSection(ProjectConfigurationPlatforms) = postSolution
		{9BF01F3C-2FA4-4250-A777-D3C4B5B0EFB8}.Debug|Any CPU.ActiveCfg = Debug|Any CPU
		{9BF01F3C-2FA4-4250-A777-D3C4B5B0EFB8}.Debug|Any CPU.Build.0 = Debug|Any CPU
		{9BF01F3C-2FA4-4250-A777-D3C4B5B0EFB8}.Release|Any CPU.ActiveCfg = Release|Any CPU
		{9BF01F3C-2FA4-4250-A777-D3C4B5B0EFB8}.Release|Any CPU.Build.0 = Release|Any CPU
		{A5F06432-4B39-4B94-9E34-C69A96DCA25E}.Debug|Any CPU.ActiveCfg = Debug|Any CPU
		{A5F06432-4B39-4B94-9E34-C69A96DCA25E}.Debug|Any CPU.Build.0 = Debug|Any CPU
		{A5F06432-4B39-4B94-9E34-C69A96DCA25E}.Release|Any CPU.ActiveCfg = Release|Any CPU
		{A5F06432-4B39-4B94-9E34-C69A96DCA25E}.Release|Any CPU.Build.0 = Release|Any CPU
		{C3D6D0F4-FA0C-45B1-BE84-9745C63F9B3D}.Debug|Any CPU.ActiveCfg = Debug|Any CPU
		{C3D6D0F4-FA0C-45B1-BE84-9745C63F9B3D}.Debug|Any CPU.Build.0 = Debug|Any CPU
		{C3D6D0F4-FA0C-45B1-BE84-9745C63F9B3D}.Release|Any CPU.ActiveCfg = Release|Any CPU
		{C3D6D0F4-FA0C-45B1-BE84-9745C63F9B3D}.Release|Any CPU.Build.0 = Release|Any CPU
		{3430BAFC-4EF4-476B-9389-AEF5FB3BF3B1}.Debug|Any CPU.ActiveCfg = Debug|Any CPU
		{3430BAFC-4EF4-476B-9389-AEF5FB3BF3B1}.Debug|Any CPU.Build.0 = Debug|Any CPU
		{3430BAFC-4EF4-476B-9389-AEF5FB3BF3B1}.Release|Any CPU.ActiveCfg = Release|Any CPU
		{3430BAFC-4EF4-476B-9389-AEF5FB3BF3B1}.Release|Any CPU.Build.0 = Release|Any CPU
		{83AA0243-7178-4271-88F1-1ABD6AB0D6AE}.Debug|Any CPU.ActiveCfg = Debug|Any CPU
		{83AA0243-7178-4271-88F1-1ABD6AB0D6AE}.Debug|Any CPU.Build.0 = Debug|Any CPU
		{83AA0243-7178-4271-88F1-1ABD6AB0D6AE}.Release|Any CPU.ActiveCfg = Release|Any CPU
		{83AA0243-7178-4271-88F1-1ABD6AB0D6AE}.Release|Any CPU.Build.0 = Release|Any CPU
		{B982F884-27F2-47D3-A781-8AF17924D1C8}.Debug|Any CPU.ActiveCfg = Debug|Any CPU
		{B982F884-27F2-47D3-A781-8AF17924D1C8}.Debug|Any CPU.Build.0 = Debug|Any CPU
		{B982F884-27F2-47D3-A781-8AF17924D1C8}.Release|Any CPU.ActiveCfg = Release|Any CPU
		{B982F884-27F2-47D3-A781-8AF17924D1C8}.Release|Any CPU.Build.0 = Release|Any CPU
		{45676ECB-E18E-4F45-9753-337C59D301AC}.Debug|Any CPU.ActiveCfg = Debug|Any CPU
		{45676ECB-E18E-4F45-9753-337C59D301AC}.Debug|Any CPU.Build.0 = Debug|Any CPU
		{45676ECB-E18E-4F45-9753-337C59D301AC}.Release|Any CPU.ActiveCfg = Release|Any CPU
		{45676ECB-E18E-4F45-9753-337C59D301AC}.Release|Any CPU.Build.0 = Release|Any CPU
		{BE80C6FE-DEAD-42F2-9F49-7D94790D5658}.Debug|Any CPU.ActiveCfg = Debug|Any CPU
		{BE80C6FE-DEAD-42F2-9F49-7D94790D5658}.Debug|Any CPU.Build.0 = Debug|Any CPU
		{BE80C6FE-DEAD-42F2-9F49-7D94790D5658}.Release|Any CPU.ActiveCfg = Release|Any CPU
		{BE80C6FE-DEAD-42F2-9F49-7D94790D5658}.Release|Any CPU.Build.0 = Release|Any CPU
	EndGlobalSection
	GlobalSection(SolutionProperties) = preSolution
		HideSolutionNode = FALSE
	EndGlobalSection
	GlobalSection(ExtensibilityGlobals) = postSolution
		SolutionGuid = {35BBB23B-52F8-4C96-A5F0-99B8B66157C4}
	EndGlobalSection
EndGlobal
