
Microsoft Visual Studio Solution File, Format Version 12.00
# Visual Studio Version 16
VisualStudioVersion = 16.0.31005.135
MinimumVisualStudioVersion = 10.0.40219.1
Project("{FAE04EC0-301F-11D3-BF4B-00C04F79EFBC}") = "Lootbox", "Lootbox\Lootbox.csproj", "{65DB4A69-ABA0-47EC-93A8-7DE67CC492F0}"
EndProject
Project("{FAE04EC0-301F-11D3-BF4B-00C04F79EFBC}") = "Re-Volt", "Re-Volt\Re-Volt.csproj", "{D38D98F6-7406-4C1F-A80A-9632453C2878}"
EndProject
Project("{FAE04EC0-301F-11D3-BF4B-00C04F79EFBC}") = "Guild", "Guild\Guild.csproj", "{9E1430F8-3AC8-4E16-A94D-7460FE8486B3}"
EndProject
Global
	GlobalSection(SolutionConfigurationPlatforms) = preSolution
		Debug|Any CPU = Debug|Any CPU
		Release|Any CPU = Release|Any CPU
	EndGlobalSection
	GlobalSection(ProjectConfigurationPlatforms) = postSolution
		{65DB4A69-ABA0-47EC-93A8-7DE67CC492F0}.Debug|Any CPU.ActiveCfg = Debug|Any CPU
		{65DB4A69-ABA0-47EC-93A8-7DE67CC492F0}.Debug|Any CPU.Build.0 = Debug|Any CPU
		{65DB4A69-ABA0-47EC-93A8-7DE67CC492F0}.Release|Any CPU.ActiveCfg = Release|Any CPU
		{65DB4A69-ABA0-47EC-93A8-7DE67CC492F0}.Release|Any CPU.Build.0 = Release|Any CPU
		{D38D98F6-7406-4C1F-A80A-9632453C2878}.Debug|Any CPU.ActiveCfg = Debug|Any CPU
		{D38D98F6-7406-4C1F-A80A-9632453C2878}.Debug|Any CPU.Build.0 = Debug|Any CPU
		{D38D98F6-7406-4C1F-A80A-9632453C2878}.Release|Any CPU.ActiveCfg = Release|Any CPU
		{D38D98F6-7406-4C1F-A80A-9632453C2878}.Release|Any CPU.Build.0 = Release|Any CPU
		{9E1430F8-3AC8-4E16-A94D-7460FE8486B3}.Debug|Any CPU.ActiveCfg = Debug|Any CPU
		{9E1430F8-3AC8-4E16-A94D-7460FE8486B3}.Debug|Any CPU.Build.0 = Debug|Any CPU
		{9E1430F8-3AC8-4E16-A94D-7460FE8486B3}.Release|Any CPU.ActiveCfg = Release|Any CPU
		{9E1430F8-3AC8-4E16-A94D-7460FE8486B3}.Release|Any CPU.Build.0 = Release|Any CPU
	EndGlobalSection
	GlobalSection(SolutionProperties) = preSolution
		HideSolutionNode = FALSE
	EndGlobalSection
	GlobalSection(ExtensibilityGlobals) = postSolution
		SolutionGuid = {04F9F0A3-7BD9-4810-AED1-6DCC5961F5BE}
	EndGlobalSection
EndGlobal
