
Microsoft Visual Studio Solution File, Format Version 12.00
# Visual Studio Version 16
VisualStudioVersion = 16.0.30804.86
MinimumVisualStudioVersion = 10.0.40219.1
Project("{FAE04EC0-301F-11D3-BF4B-00C04F79EFBC}") = "01.SecretChat", "01.SecretChat\01.SecretChat.csproj", "{798A03FB-07E6-40E7-A586-A8559E58129B}"
EndProject
Project("{FAE04EC0-301F-11D3-BF4B-00C04F79EFBC}") = "02.MirrorWords", "02.MirrorWords\02.MirrorWords.csproj", "{D0A625CB-98B5-49DF-AFBA-E0803A4076F7}"
EndProject
Project("{FAE04EC0-301F-11D3-BF4B-00C04F79EFBC}") = "03.NeedForSpeedIII", "03.NeedForSpeedIII\03.NeedForSpeedIII.csproj", "{216C02A2-AF15-43D4-8755-DA19096B2925}"
EndProject
Global
	GlobalSection(SolutionConfigurationPlatforms) = preSolution
		Debug|Any CPU = Debug|Any CPU
		Release|Any CPU = Release|Any CPU
	EndGlobalSection
	GlobalSection(ProjectConfigurationPlatforms) = postSolution
		{798A03FB-07E6-40E7-A586-A8559E58129B}.Debug|Any CPU.ActiveCfg = Debug|Any CPU
		{798A03FB-07E6-40E7-A586-A8559E58129B}.Debug|Any CPU.Build.0 = Debug|Any CPU
		{798A03FB-07E6-40E7-A586-A8559E58129B}.Release|Any CPU.ActiveCfg = Release|Any CPU
		{798A03FB-07E6-40E7-A586-A8559E58129B}.Release|Any CPU.Build.0 = Release|Any CPU
		{D0A625CB-98B5-49DF-AFBA-E0803A4076F7}.Debug|Any CPU.ActiveCfg = Debug|Any CPU
		{D0A625CB-98B5-49DF-AFBA-E0803A4076F7}.Debug|Any CPU.Build.0 = Debug|Any CPU
		{D0A625CB-98B5-49DF-AFBA-E0803A4076F7}.Release|Any CPU.ActiveCfg = Release|Any CPU
		{D0A625CB-98B5-49DF-AFBA-E0803A4076F7}.Release|Any CPU.Build.0 = Release|Any CPU
		{216C02A2-AF15-43D4-8755-DA19096B2925}.Debug|Any CPU.ActiveCfg = Debug|Any CPU
		{216C02A2-AF15-43D4-8755-DA19096B2925}.Debug|Any CPU.Build.0 = Debug|Any CPU
		{216C02A2-AF15-43D4-8755-DA19096B2925}.Release|Any CPU.ActiveCfg = Release|Any CPU
		{216C02A2-AF15-43D4-8755-DA19096B2925}.Release|Any CPU.Build.0 = Release|Any CPU
	EndGlobalSection
	GlobalSection(SolutionProperties) = preSolution
		HideSolutionNode = FALSE
	EndGlobalSection
	GlobalSection(ExtensibilityGlobals) = postSolution
		SolutionGuid = {9351A170-F7B1-4650-A2FC-FBD9B33DEAB6}
	EndGlobalSection
EndGlobal
