
Microsoft Visual Studio Solution File, Format Version 12.00
# Visual Studio Version 16
VisualStudioVersion = 16.0.30804.86
MinimumVisualStudioVersion = 10.0.40219.1
Project("{9A19103F-16F7-4668-BE54-9A1E7A4F7556}") = "01.BasicStackOperations", "01.BasicStackOperations\01.BasicStackOperations.csproj", "{001C8241-6753-46F0-B7E6-E2B76978DA74}"
EndProject
Project("{FAE04EC0-301F-11D3-BF4B-00C04F79EFBC}") = "02.BasicQueueOperations", "02.BasicQueueOperations\02.BasicQueueOperations.csproj", "{650FDF80-7A6C-42CD-A8AC-3E7D3124782C}"
EndProject
Project("{FAE04EC0-301F-11D3-BF4B-00C04F79EFBC}") = "03.MaximumAndMinimumElement", "03.MaximumAndMinimumElement\03.MaximumAndMinimumElement.csproj", "{C5CDEAF7-11BA-4784-9CFC-AC347263F6C6}"
EndProject
Project("{FAE04EC0-301F-11D3-BF4B-00C04F79EFBC}") = "04.FastFood", "04.FastFood\04.FastFood.csproj", "{E89B76F0-BCB6-4618-94C7-31E8381DD7AD}"
EndProject
Project("{FAE04EC0-301F-11D3-BF4B-00C04F79EFBC}") = "05.FashionBoutique", "05.FashionBoutique\05.FashionBoutique.csproj", "{3F45946B-665B-4639-8399-10263791A365}"
EndProject
Project("{FAE04EC0-301F-11D3-BF4B-00C04F79EFBC}") = "06.SongsQueue", "06.SongsQueue\06.SongsQueue.csproj", "{587E33F6-8587-48A5-9CB6-290495645AEE}"
EndProject
Project("{FAE04EC0-301F-11D3-BF4B-00C04F79EFBC}") = "07.TruckTour", "07.TruckTour\07.TruckTour.csproj", "{03F1394B-A65E-4A19-9F02-CBA79A1ECD0E}"
EndProject
Global
	GlobalSection(SolutionConfigurationPlatforms) = preSolution
		Debug|Any CPU = Debug|Any CPU
		Release|Any CPU = Release|Any CPU
	EndGlobalSection
	GlobalSection(ProjectConfigurationPlatforms) = postSolution
		{001C8241-6753-46F0-B7E6-E2B76978DA74}.Debug|Any CPU.ActiveCfg = Debug|Any CPU
		{001C8241-6753-46F0-B7E6-E2B76978DA74}.Debug|Any CPU.Build.0 = Debug|Any CPU
		{001C8241-6753-46F0-B7E6-E2B76978DA74}.Release|Any CPU.ActiveCfg = Release|Any CPU
		{001C8241-6753-46F0-B7E6-E2B76978DA74}.Release|Any CPU.Build.0 = Release|Any CPU
		{650FDF80-7A6C-42CD-A8AC-3E7D3124782C}.Debug|Any CPU.ActiveCfg = Debug|Any CPU
		{650FDF80-7A6C-42CD-A8AC-3E7D3124782C}.Debug|Any CPU.Build.0 = Debug|Any CPU
		{650FDF80-7A6C-42CD-A8AC-3E7D3124782C}.Release|Any CPU.ActiveCfg = Release|Any CPU
		{650FDF80-7A6C-42CD-A8AC-3E7D3124782C}.Release|Any CPU.Build.0 = Release|Any CPU
		{C5CDEAF7-11BA-4784-9CFC-AC347263F6C6}.Debug|Any CPU.ActiveCfg = Debug|Any CPU
		{C5CDEAF7-11BA-4784-9CFC-AC347263F6C6}.Debug|Any CPU.Build.0 = Debug|Any CPU
		{C5CDEAF7-11BA-4784-9CFC-AC347263F6C6}.Release|Any CPU.ActiveCfg = Release|Any CPU
		{C5CDEAF7-11BA-4784-9CFC-AC347263F6C6}.Release|Any CPU.Build.0 = Release|Any CPU
		{E89B76F0-BCB6-4618-94C7-31E8381DD7AD}.Debug|Any CPU.ActiveCfg = Debug|Any CPU
		{E89B76F0-BCB6-4618-94C7-31E8381DD7AD}.Debug|Any CPU.Build.0 = Debug|Any CPU
		{E89B76F0-BCB6-4618-94C7-31E8381DD7AD}.Release|Any CPU.ActiveCfg = Release|Any CPU
		{E89B76F0-BCB6-4618-94C7-31E8381DD7AD}.Release|Any CPU.Build.0 = Release|Any CPU
		{3F45946B-665B-4639-8399-10263791A365}.Debug|Any CPU.ActiveCfg = Debug|Any CPU
		{3F45946B-665B-4639-8399-10263791A365}.Debug|Any CPU.Build.0 = Debug|Any CPU
		{3F45946B-665B-4639-8399-10263791A365}.Release|Any CPU.ActiveCfg = Release|Any CPU
		{3F45946B-665B-4639-8399-10263791A365}.Release|Any CPU.Build.0 = Release|Any CPU
		{587E33F6-8587-48A5-9CB6-290495645AEE}.Debug|Any CPU.ActiveCfg = Debug|Any CPU
		{587E33F6-8587-48A5-9CB6-290495645AEE}.Debug|Any CPU.Build.0 = Debug|Any CPU
		{587E33F6-8587-48A5-9CB6-290495645AEE}.Release|Any CPU.ActiveCfg = Release|Any CPU
		{587E33F6-8587-48A5-9CB6-290495645AEE}.Release|Any CPU.Build.0 = Release|Any CPU
		{03F1394B-A65E-4A19-9F02-CBA79A1ECD0E}.Debug|Any CPU.ActiveCfg = Debug|Any CPU
		{03F1394B-A65E-4A19-9F02-CBA79A1ECD0E}.Debug|Any CPU.Build.0 = Debug|Any CPU
		{03F1394B-A65E-4A19-9F02-CBA79A1ECD0E}.Release|Any CPU.ActiveCfg = Release|Any CPU
		{03F1394B-A65E-4A19-9F02-CBA79A1ECD0E}.Release|Any CPU.Build.0 = Release|Any CPU
	EndGlobalSection
	GlobalSection(SolutionProperties) = preSolution
		HideSolutionNode = FALSE
	EndGlobalSection
	GlobalSection(ExtensibilityGlobals) = postSolution
		SolutionGuid = {B127F252-48B1-432D-9DF6-3A237942A8BB}
	EndGlobalSection
EndGlobal
