
Microsoft Visual Studio Solution File, Format Version 12.00
# Visual Studio Version 16
VisualStudioVersion = 16.0.30907.101
MinimumVisualStudioVersion = 10.0.40219.1
Project("{FAE04EC0-301F-11D3-BF4B-00C04F79EFBC}") = "01.FlowerWreaths", "01.FlowerWreaths\01.FlowerWreaths.csproj", "{89BDD190-27FB-48BA-BA5F-39A5C2745F2E}"
EndProject
Project("{FAE04EC0-301F-11D3-BF4B-00C04F79EFBC}") = "02.Bee", "02.Bee\02.Bee.csproj", "{1A356323-DB7A-4A6A-B83D-8B686292EE69}"
EndProject
Project("{FAE04EC0-301F-11D3-BF4B-00C04F79EFBC}") = "VetClinic", "VetClinic\VetClinic.csproj", "{66F1851A-B73E-4C67-A86B-A02508D01587}"
EndProject
Global
	GlobalSection(SolutionConfigurationPlatforms) = preSolution
		Debug|Any CPU = Debug|Any CPU
		Release|Any CPU = Release|Any CPU
	EndGlobalSection
	GlobalSection(ProjectConfigurationPlatforms) = postSolution
		{89BDD190-27FB-48BA-BA5F-39A5C2745F2E}.Debug|Any CPU.ActiveCfg = Debug|Any CPU
		{89BDD190-27FB-48BA-BA5F-39A5C2745F2E}.Debug|Any CPU.Build.0 = Debug|Any CPU
		{89BDD190-27FB-48BA-BA5F-39A5C2745F2E}.Release|Any CPU.ActiveCfg = Release|Any CPU
		{89BDD190-27FB-48BA-BA5F-39A5C2745F2E}.Release|Any CPU.Build.0 = Release|Any CPU
		{1A356323-DB7A-4A6A-B83D-8B686292EE69}.Debug|Any CPU.ActiveCfg = Debug|Any CPU
		{1A356323-DB7A-4A6A-B83D-8B686292EE69}.Debug|Any CPU.Build.0 = Debug|Any CPU
		{1A356323-DB7A-4A6A-B83D-8B686292EE69}.Release|Any CPU.ActiveCfg = Release|Any CPU
		{1A356323-DB7A-4A6A-B83D-8B686292EE69}.Release|Any CPU.Build.0 = Release|Any CPU
		{66F1851A-B73E-4C67-A86B-A02508D01587}.Debug|Any CPU.ActiveCfg = Debug|Any CPU
		{66F1851A-B73E-4C67-A86B-A02508D01587}.Debug|Any CPU.Build.0 = Debug|Any CPU
		{66F1851A-B73E-4C67-A86B-A02508D01587}.Release|Any CPU.ActiveCfg = Release|Any CPU
		{66F1851A-B73E-4C67-A86B-A02508D01587}.Release|Any CPU.Build.0 = Release|Any CPU
	EndGlobalSection
	GlobalSection(SolutionProperties) = preSolution
		HideSolutionNode = FALSE
	EndGlobalSection
	GlobalSection(ExtensibilityGlobals) = postSolution
		SolutionGuid = {20E6A586-1F30-48CB-8F0D-A5F25698B773}
	EndGlobalSection
EndGlobal
