
Microsoft Visual Studio Solution File, Format Version 12.00
# Visual Studio Version 16
VisualStudioVersion = 16.0.30717.126
MinimumVisualStudioVersion = 10.0.40219.1
Project("{9A19103F-16F7-4668-BE54-9A1E7A4F7556}") = "01.ValidUsernames", "01.ValidUsernames\01.ValidUsernames.csproj", "{C261E266-336E-4FC7-A73F-3ED8E458117F}"
EndProject
Project("{9A19103F-16F7-4668-BE54-9A1E7A4F7556}") = "02.CharacterMultiplier", "02.CharacterMultiplier\02.CharacterMultiplier.csproj", "{EAF60465-E8A6-4CE9-BA87-A261899DAA4C}"
EndProject
Project("{9A19103F-16F7-4668-BE54-9A1E7A4F7556}") = "03.ExtractFile", "03.ExtractFile\03.ExtractFile.csproj", "{7DCCA623-2E40-440C-A2A2-060E2E480386}"
EndProject
Project("{9A19103F-16F7-4668-BE54-9A1E7A4F7556}") = "04.CaesarCipher", "04.CaesarCipher\04.CaesarCipher.csproj", "{93E228C3-21E2-4196-9315-AF1886A9A7D0}"
EndProject
Project("{9A19103F-16F7-4668-BE54-9A1E7A4F7556}") = "05.MultiplyBigNumber", "05.MultiplyBigNumber\05.MultiplyBigNumber.csproj", "{A9C62C49-A689-40CE-AD61-62E898C4E4E3}"
EndProject
Project("{9A19103F-16F7-4668-BE54-9A1E7A4F7556}") = "06.ReplaceRepeatingChars", "06.ReplaceRepeatingChars\06.ReplaceRepeatingChars.csproj", "{695E1794-B37E-4571-8BAC-9C2C237C7816}"
EndProject
Project("{9A19103F-16F7-4668-BE54-9A1E7A4F7556}") = "07.StringExplosion", "07.StringExplosion\07.StringExplosion.csproj", "{B2A386A1-049B-40C8-85E9-8B9E5845AB5E}"
EndProject
Project("{9A19103F-16F7-4668-BE54-9A1E7A4F7556}") = "08.LettersChangeNumbers", "08.LettersChangeNumbers\08.LettersChangeNumbers.csproj", "{F250F630-9BA7-4EDD-A078-CF30996D0081}"
EndProject
Global
	GlobalSection(SolutionConfigurationPlatforms) = preSolution
		Debug|Any CPU = Debug|Any CPU
		Release|Any CPU = Release|Any CPU
	EndGlobalSection
	GlobalSection(ProjectConfigurationPlatforms) = postSolution
		{C261E266-336E-4FC7-A73F-3ED8E458117F}.Debug|Any CPU.ActiveCfg = Debug|Any CPU
		{C261E266-336E-4FC7-A73F-3ED8E458117F}.Debug|Any CPU.Build.0 = Debug|Any CPU
		{C261E266-336E-4FC7-A73F-3ED8E458117F}.Release|Any CPU.ActiveCfg = Release|Any CPU
		{C261E266-336E-4FC7-A73F-3ED8E458117F}.Release|Any CPU.Build.0 = Release|Any CPU
		{EAF60465-E8A6-4CE9-BA87-A261899DAA4C}.Debug|Any CPU.ActiveCfg = Debug|Any CPU
		{EAF60465-E8A6-4CE9-BA87-A261899DAA4C}.Debug|Any CPU.Build.0 = Debug|Any CPU
		{EAF60465-E8A6-4CE9-BA87-A261899DAA4C}.Release|Any CPU.ActiveCfg = Release|Any CPU
		{EAF60465-E8A6-4CE9-BA87-A261899DAA4C}.Release|Any CPU.Build.0 = Release|Any CPU
		{7DCCA623-2E40-440C-A2A2-060E2E480386}.Debug|Any CPU.ActiveCfg = Debug|Any CPU
		{7DCCA623-2E40-440C-A2A2-060E2E480386}.Debug|Any CPU.Build.0 = Debug|Any CPU
		{7DCCA623-2E40-440C-A2A2-060E2E480386}.Release|Any CPU.ActiveCfg = Release|Any CPU
		{7DCCA623-2E40-440C-A2A2-060E2E480386}.Release|Any CPU.Build.0 = Release|Any CPU
		{93E228C3-21E2-4196-9315-AF1886A9A7D0}.Debug|Any CPU.ActiveCfg = Debug|Any CPU
		{93E228C3-21E2-4196-9315-AF1886A9A7D0}.Debug|Any CPU.Build.0 = Debug|Any CPU
		{93E228C3-21E2-4196-9315-AF1886A9A7D0}.Release|Any CPU.ActiveCfg = Release|Any CPU
		{93E228C3-21E2-4196-9315-AF1886A9A7D0}.Release|Any CPU.Build.0 = Release|Any CPU
		{A9C62C49-A689-40CE-AD61-62E898C4E4E3}.Debug|Any CPU.ActiveCfg = Debug|Any CPU
		{A9C62C49-A689-40CE-AD61-62E898C4E4E3}.Debug|Any CPU.Build.0 = Debug|Any CPU
		{A9C62C49-A689-40CE-AD61-62E898C4E4E3}.Release|Any CPU.ActiveCfg = Release|Any CPU
		{A9C62C49-A689-40CE-AD61-62E898C4E4E3}.Release|Any CPU.Build.0 = Release|Any CPU
		{695E1794-B37E-4571-8BAC-9C2C237C7816}.Debug|Any CPU.ActiveCfg = Debug|Any CPU
		{695E1794-B37E-4571-8BAC-9C2C237C7816}.Debug|Any CPU.Build.0 = Debug|Any CPU
		{695E1794-B37E-4571-8BAC-9C2C237C7816}.Release|Any CPU.ActiveCfg = Release|Any CPU
		{695E1794-B37E-4571-8BAC-9C2C237C7816}.Release|Any CPU.Build.0 = Release|Any CPU
		{B2A386A1-049B-40C8-85E9-8B9E5845AB5E}.Debug|Any CPU.ActiveCfg = Debug|Any CPU
		{B2A386A1-049B-40C8-85E9-8B9E5845AB5E}.Debug|Any CPU.Build.0 = Debug|Any CPU
		{B2A386A1-049B-40C8-85E9-8B9E5845AB5E}.Release|Any CPU.ActiveCfg = Release|Any CPU
		{B2A386A1-049B-40C8-85E9-8B9E5845AB5E}.Release|Any CPU.Build.0 = Release|Any CPU
		{F250F630-9BA7-4EDD-A078-CF30996D0081}.Debug|Any CPU.ActiveCfg = Debug|Any CPU
		{F250F630-9BA7-4EDD-A078-CF30996D0081}.Debug|Any CPU.Build.0 = Debug|Any CPU
		{F250F630-9BA7-4EDD-A078-CF30996D0081}.Release|Any CPU.ActiveCfg = Release|Any CPU
		{F250F630-9BA7-4EDD-A078-CF30996D0081}.Release|Any CPU.Build.0 = Release|Any CPU
	EndGlobalSection
	GlobalSection(SolutionProperties) = preSolution
		HideSolutionNode = FALSE
	EndGlobalSection
	GlobalSection(ExtensibilityGlobals) = postSolution
		SolutionGuid = {B8FDC47F-4469-4A02-B549-6EF21A339AC6}
	EndGlobalSection
EndGlobal
