
Microsoft Visual Studio Solution File, Format Version 12.00
# Visual Studio Version 16
VisualStudioVersion = 16.0.30907.101
MinimumVisualStudioVersion = 10.0.40219.1
Project("{9A19103F-16F7-4668-BE54-9A1E7A4F7556}") = "DefiningClasses", "01.DefineAClassPerson\DefiningClasses.csproj", "{250BF659-615B-4A1C-8AB9-FF8970A98846}"
EndProject
Global
	GlobalSection(SolutionConfigurationPlatforms) = preSolution
		Debug|Any CPU = Debug|Any CPU
		Release|Any CPU = Release|Any CPU
	EndGlobalSection
	GlobalSection(ProjectConfigurationPlatforms) = postSolution
		{250BF659-615B-4A1C-8AB9-FF8970A98846}.Debug|Any CPU.ActiveCfg = Debug|Any CPU
		{250BF659-615B-4A1C-8AB9-FF8970A98846}.Debug|Any CPU.Build.0 = Debug|Any CPU
		{250BF659-615B-4A1C-8AB9-FF8970A98846}.Release|Any CPU.ActiveCfg = Release|Any CPU
		{250BF659-615B-4A1C-8AB9-FF8970A98846}.Release|Any CPU.Build.0 = Release|Any CPU
	EndGlobalSection
	GlobalSection(SolutionProperties) = preSolution
		HideSolutionNode = FALSE
	EndGlobalSection
	GlobalSection(ExtensibilityGlobals) = postSolution
		SolutionGuid = {7F90238E-3C5B-4491-920C-31420999408E}
	EndGlobalSection
EndGlobal
