
Microsoft Visual Studio Solution File, Format Version 12.00
# Visual Studio Version 16
VisualStudioVersion = 16.0.30804.86
MinimumVisualStudioVersion = 10.0.40219.1
Project("{9A19103F-16F7-4668-BE54-9A1E7A4F7556}") = "01.WorldTour", "01.WorldTour\01.WorldTour.csproj", "{9482C8D3-50C3-4A98-991F-C3078558F5D3}"
EndProject
Project("{9A19103F-16F7-4668-BE54-9A1E7A4F7556}") = "02.DestinationMapper", "02.DestinationMapper\02.DestinationMapper.csproj", "{10E0AC34-C292-41CD-98C9-EC8FD0B23A8C}"
EndProject
Project("{FAE04EC0-301F-11D3-BF4B-00C04F79EFBC}") = "03.PlantDiscovery", "03.PlantDiscovery\03.PlantDiscovery.csproj", "{9C0429F7-32BB-4F5D-8ACB-13DABE4FDA25}"
EndProject
Global
	GlobalSection(SolutionConfigurationPlatforms) = preSolution
		Debug|Any CPU = Debug|Any CPU
		Release|Any CPU = Release|Any CPU
	EndGlobalSection
	GlobalSection(ProjectConfigurationPlatforms) = postSolution
		{9482C8D3-50C3-4A98-991F-C3078558F5D3}.Debug|Any CPU.ActiveCfg = Debug|Any CPU
		{9482C8D3-50C3-4A98-991F-C3078558F5D3}.Debug|Any CPU.Build.0 = Debug|Any CPU
		{9482C8D3-50C3-4A98-991F-C3078558F5D3}.Release|Any CPU.ActiveCfg = Release|Any CPU
		{9482C8D3-50C3-4A98-991F-C3078558F5D3}.Release|Any CPU.Build.0 = Release|Any CPU
		{10E0AC34-C292-41CD-98C9-EC8FD0B23A8C}.Debug|Any CPU.ActiveCfg = Debug|Any CPU
		{10E0AC34-C292-41CD-98C9-EC8FD0B23A8C}.Debug|Any CPU.Build.0 = Debug|Any CPU
		{10E0AC34-C292-41CD-98C9-EC8FD0B23A8C}.Release|Any CPU.ActiveCfg = Release|Any CPU
		{10E0AC34-C292-41CD-98C9-EC8FD0B23A8C}.Release|Any CPU.Build.0 = Release|Any CPU
		{9C0429F7-32BB-4F5D-8ACB-13DABE4FDA25}.Debug|Any CPU.ActiveCfg = Debug|Any CPU
		{9C0429F7-32BB-4F5D-8ACB-13DABE4FDA25}.Debug|Any CPU.Build.0 = Debug|Any CPU
		{9C0429F7-32BB-4F5D-8ACB-13DABE4FDA25}.Release|Any CPU.ActiveCfg = Release|Any CPU
		{9C0429F7-32BB-4F5D-8ACB-13DABE4FDA25}.Release|Any CPU.Build.0 = Release|Any CPU
	EndGlobalSection
	GlobalSection(SolutionProperties) = preSolution
		HideSolutionNode = FALSE
	EndGlobalSection
	GlobalSection(ExtensibilityGlobals) = postSolution
		SolutionGuid = {E4BEB714-7563-485A-A3E7-E363CB63AE2E}
	EndGlobalSection
EndGlobal
